
Microsoft Visual Studio Solution File, Format Version 12.00
# Visual Studio 2012
Project("{FAE04EC0-301F-11D3-BF4B-00C04F79EFBC}") = "hangman_game", "hangman_game\hangman_game.csproj", "{87024A71-B688-4D35-AD8F-8E8D683FA116}"
EndProject
Global
	GlobalSection(SolutionConfigurationPlatforms) = preSolution
		Debug|x86 = Debug|x86
		Release|x86 = Release|x86
	EndGlobalSection
	GlobalSection(ProjectConfigurationPlatforms) = postSolution
		{87024A71-B688-4D35-AD8F-8E8D683FA116}.Debug|x86.ActiveCfg = Debug|x86
		{87024A71-B688-4D35-AD8F-8E8D683FA116}.Debug|x86.Build.0 = Debug|x86
		{87024A71-B688-4D35-AD8F-8E8D683FA116}.Release|x86.ActiveCfg = Release|x86
		{87024A71-B688-4D35-AD8F-8E8D683FA116}.Release|x86.Build.0 = Release|x86
	EndGlobalSection
EndGlobal
