
Microsoft Visual Studio Solution File, Format Version 12.00
# Visual Studio 2012
Project("{FAE04EC0-301F-11D3-BF4B-00C04F79EFBC}") = "get_set_property", "property_get_set_practice\get_set_property.csproj", "{917AAB67-BEB0-4480-A3A1-B87655598528}"
EndProject
Project("{FAE04EC0-301F-11D3-BF4B-00C04F79EFBC}") = "constructor", "constructor\constructor.csproj", "{7B91F8AD-2C2C-43DE-BBE3-D3FDC0909504}"
EndProject
Global
	GlobalSection(SolutionConfigurationPlatforms) = preSolution
		Debug|x86 = Debug|x86
		Release|x86 = Release|x86
	EndGlobalSection
	GlobalSection(ProjectConfigurationPlatforms) = postSolution
		{7B91F8AD-2C2C-43DE-BBE3-D3FDC0909504}.Debug|x86.ActiveCfg = Debug|x86
		{7B91F8AD-2C2C-43DE-BBE3-D3FDC0909504}.Debug|x86.Build.0 = Debug|x86
		{7B91F8AD-2C2C-43DE-BBE3-D3FDC0909504}.Release|x86.ActiveCfg = Release|x86
		{7B91F8AD-2C2C-43DE-BBE3-D3FDC0909504}.Release|x86.Build.0 = Release|x86
		{917AAB67-BEB0-4480-A3A1-B87655598528}.Debug|x86.ActiveCfg = Debug|x86
		{917AAB67-BEB0-4480-A3A1-B87655598528}.Debug|x86.Build.0 = Debug|x86
		{917AAB67-BEB0-4480-A3A1-B87655598528}.Release|x86.ActiveCfg = Release|x86
		{917AAB67-BEB0-4480-A3A1-B87655598528}.Release|x86.Build.0 = Release|x86
	EndGlobalSection
EndGlobal
